
Microsoft Visual Studio Solution File, Format Version 12.00
# Visual Studio Version 16
VisualStudioVersion = 16.0.31624.102
MinimumVisualStudioVersion = 10.0.40219.1
Project("{FAE04EC0-301F-11D3-BF4B-00C04F79EFBC}") = "Lab_16", "Lab_16\Lab_16.csproj", "{D5E789ED-E754-4CAB-8331-BCB3C60E4E37}"
EndProject
Global
	GlobalSection(SolutionConfigurationPlatforms) = preSolution
		Debug|Any CPU = Debug|Any CPU
		Release|Any CPU = Release|Any CPU
	EndGlobalSection
	GlobalSection(ProjectConfigurationPlatforms) = postSolution
		{D5E789ED-E754-4CAB-8331-BCB3C60E4E37}.Debug|Any CPU.ActiveCfg = Debug|Any CPU
		{D5E789ED-E754-4CAB-8331-BCB3C60E4E37}.Debug|Any CPU.Build.0 = Debug|Any CPU
		{D5E789ED-E754-4CAB-8331-BCB3C60E4E37}.Release|Any CPU.ActiveCfg = Release|Any CPU
		{D5E789ED-E754-4CAB-8331-BCB3C60E4E37}.Release|Any CPU.Build.0 = Release|Any CPU
	EndGlobalSection
	GlobalSection(SolutionProperties) = preSolution
		HideSolutionNode = FALSE
	EndGlobalSection
	GlobalSection(ExtensibilityGlobals) = postSolution
		SolutionGuid = {886D4ACC-A0AC-49D1-A11E-51956CB8CBF9}
	EndGlobalSection
EndGlobal
